{
  "nodes": {
    "flake-utils": {
      "locked": {
        "lastModified": 1642700792,
        "narHash": "sha256-XqHrk7hFb+zBvRg6Ghl+AZDq03ov6OshJLiSWOoX5es=",
        "owner": "numtide",
        "repo": "flake-utils",
        "rev": "846b2ae0fc4cc943637d3d1def4454213e203cba",
        "type": "github"
      },
      "original": {
        "owner": "numtide",
        "repo": "flake-utils",
        "type": "github"
      }
    },
    "mach-nix": {
      "inputs": {
        "flake-utils": "flake-utils",
        "nixpkgs": [
          "nixpkgs"
        ],
        "pypi-deps-db": [
          "pypi-deps-db"
        ]
      },
      "locked": {
        "lastModified": 1662635943,
        "narHash": "sha256-1OBBlBzZ894or8eHZjyADOMnGH89pPUKYGVVS5rwW/0=",
        "owner": "DavHau",
        "repo": "mach-nix",
        "rev": "65266b5cc867fec2cb6a25409dd7cd12251f6107",
        "type": "github"
      },
      "original": {
        "owner": "DavHau",
        "repo": "mach-nix",
        "type": "github"
      }
    },
    "nixpkgs": {
      "locked": {
        "lastModified": 1665975177,
        "narHash": "sha256-PypbdMOB9l5Uks1phl2reKY+klMabz8fepj7bWrupZE=",
        "owner": "NixOS",
        "repo": "nixpkgs",
        "rev": "ab6176ac5b0ee4f18e9cb380a41a6e1816c7bc89",
        "type": "github"
      },
      "original": {
        "owner": "NixOS",
        "ref": "nixpkgs-unstable",
        "repo": "nixpkgs",
        "type": "github"
      }
    },
    "pypi-deps-db": {
      "flake": false,
      "locked": {
        "lastModified": 1665996788,
        "narHash": "sha256-LutqBwROuAi/MacyZ7qm/RBxuSX/YhJJC3Joljuk85I=",
        "owner": "DavHau",
        "repo": "pypi-deps-db",
        "rev": "8251860201eaa3de34a07e74792d2067b27e1480",
        "type": "github"
      },
      "original": {
        "owner": "DavHau",
        "repo": "pypi-deps-db",
        "type": "github"
      }
    },
    "root": {
      "inputs": {
        "mach-nix": "mach-nix",
        "nixpkgs": "nixpkgs",
        "pypi-deps-db": "pypi-deps-db"
      }
    }
  },
  "root": "root",
  "version": 7
}
